
Microsoft Visual Studio Solution File, Format Version 12.00
# Visual Studio 15
VisualStudioVersion = 15.0.28307.136
MinimumVisualStudioVersion = 10.0.40219.1
Project("{FAE04EC0-301F-11D3-BF4B-00C04F79EFBC}") = "curso-asp-core", "curso-asp-core\curso-asp-core.csproj", "{4B950AD6-F0F5-40ED-B3D2-2A7DF3AF8A8B}"
EndProject
Global
	GlobalSection(SolutionConfigurationPlatforms) = preSolution
		Debug|Any CPU = Debug|Any CPU
		Release|Any CPU = Release|Any CPU
	EndGlobalSection
	GlobalSection(ProjectConfigurationPlatforms) = postSolution
		{4B950AD6-F0F5-40ED-B3D2-2A7DF3AF8A8B}.Debug|Any CPU.ActiveCfg = Debug|Any CPU
		{4B950AD6-F0F5-40ED-B3D2-2A7DF3AF8A8B}.Debug|Any CPU.Build.0 = Debug|Any CPU
		{4B950AD6-F0F5-40ED-B3D2-2A7DF3AF8A8B}.Release|Any CPU.ActiveCfg = Release|Any CPU
		{4B950AD6-F0F5-40ED-B3D2-2A7DF3AF8A8B}.Release|Any CPU.Build.0 = Release|Any CPU
	EndGlobalSection
	GlobalSection(SolutionProperties) = preSolution
		HideSolutionNode = FALSE
	EndGlobalSection
	GlobalSection(ExtensibilityGlobals) = postSolution
		SolutionGuid = {DB57BDAF-7E20-451F-9C68-34FA06C67947}
	EndGlobalSection
EndGlobal
